
Microsoft Visual Studio Solution File, Format Version 12.00
# Visual Studio Version 17
VisualStudioVersion = 17.5.002.0
MinimumVisualStudioVersion = 10.0.40219.1
Project("{9A19103F-16F7-4668-BE54-9A1E7A4F7556}") = "WhiteCourse", "WhiteCourse.csproj", "{8269215A-A043-448E-BE1E-24C5E3832EC8}"
EndProject
Global
	GlobalSection(SolutionConfigurationPlatforms) = preSolution
		Debug|Any CPU = Debug|Any CPU
		Release|Any CPU = Release|Any CPU
	EndGlobalSection
	GlobalSection(ProjectConfigurationPlatforms) = postSolution
		{8269215A-A043-448E-BE1E-24C5E3832EC8}.Debug|Any CPU.ActiveCfg = Debug|Any CPU
		{8269215A-A043-448E-BE1E-24C5E3832EC8}.Debug|Any CPU.Build.0 = Debug|Any CPU
		{8269215A-A043-448E-BE1E-24C5E3832EC8}.Release|Any CPU.ActiveCfg = Release|Any CPU
		{8269215A-A043-448E-BE1E-24C5E3832EC8}.Release|Any CPU.Build.0 = Release|Any CPU
	EndGlobalSection
	GlobalSection(SolutionProperties) = preSolution
		HideSolutionNode = FALSE
	EndGlobalSection
	GlobalSection(ExtensibilityGlobals) = postSolution
		SolutionGuid = {E9C5B749-D0ED-4D9C-A75E-95B97CB57A04}
	EndGlobalSection
EndGlobal
